Microsoft Visual Studio Solution File, Format Version 12.00
# Visual Studio Version 17
VisualStudioVersion = 17.5.2.0
MinimumVisualStudioVersion = 10.0.40219.1
Project("{FAE04EC0-301F-11D3-BF4B-00C04F79EFBC}") = "Payment.Web", "Payment.Web.csproj", "{084A8DA4-6644-697D-1E6D-8F7C3923845F}"
EndProject
Global
	GlobalSection(SolutionConfigurationPlatforms) = preSolution
		Debug|Any CPU = Debug|Any CPU
		Release|Any CPU = Release|Any CPU
	EndGlobalSection
	GlobalSection(ProjectConfigurationPlatforms) = postSolution
		{084A8DA4-6644-697D-1E6D-8F7C3923845F}.Debug|Any CPU.ActiveCfg = Debug|Any CPU
		{084A8DA4-6644-697D-1E6D-8F7C3923845F}.Debug|Any CPU.Build.0 = Debug|Any CPU
		{084A8DA4-6644-697D-1E6D-8F7C3923845F}.Release|Any CPU.ActiveCfg = Release|Any CPU
		{084A8DA4-6644-697D-1E6D-8F7C3923845F}.Release|Any CPU.Build.0 = Release|Any CPU
	EndGlobalSection
	GlobalSection(SolutionProperties) = preSolution
		HideSolutionNode = FALSE
	EndGlobalSection
	GlobalSection(ExtensibilityGlobals) = postSolution
		SolutionGuid = {426776C3-8C17-4BE5-83E3-D23E4149169F}
	EndGlobalSection
EndGlobal
